
Microsoft Visual Studio Solution File, Format Version 11.00
# Visual Studio 2010
Project("{FAE04EC0-301F-11D3-BF4B-00C04F79EFBC}") = "LORA-MESH", "RF_Setting_E52 V1.0.csproj", "{641B6BDE-7B58-4913-BA5E-BAC24D651718}"
EndProject
Global
	GlobalSection(SolutionConfigurationPlatforms) = preSolution
		Debug|Any CPU = Debug|Any CPU
		Release|Any CPU = Release|Any CPU
	EndGlobalSection
	GlobalSection(ProjectConfigurationPlatforms) = postSolution
		{641B6BDE-7B58-4913-BA5E-BAC24D651718}.Debug|Any CPU.ActiveCfg = Debug|Any CPU
		{641B6BDE-7B58-4913-BA5E-BAC24D651718}.Debug|Any CPU.Build.0 = Debug|Any CPU
		{641B6BDE-7B58-4913-BA5E-BAC24D651718}.Release|Any CPU.ActiveCfg = Release|Any CPU
		{641B6BDE-7B58-4913-BA5E-BAC24D651718}.Release|Any CPU.Build.0 = Release|Any CPU
	EndGlobalSection
	GlobalSection(SolutionProperties) = preSolution
		HideSolutionNode = FALSE
	EndGlobalSection
EndGlobal
